
Microsoft Visual Studio Solution File, Format Version 12.00
Project("{FAE04EC0-301F-11D3-BF4B-00C04F79EFBC}") = "Client", "Client\Client.csproj", "{532E1B08-7CD9-42F5-94CA-7181135DE703}"
EndProject
Global
	GlobalSection(SolutionConfigurationPlatforms) = preSolution
		Debug|Any CPU = Debug|Any CPU
		Release|Any CPU = Release|Any CPU
	EndGlobalSection
	GlobalSection(ProjectConfigurationPlatforms) = postSolution
		{532E1B08-7CD9-42F5-94CA-7181135DE703}.Debug|Any CPU.ActiveCfg = Debug|Any CPU
		{532E1B08-7CD9-42F5-94CA-7181135DE703}.Debug|Any CPU.Build.0 = Debug|Any CPU
		{532E1B08-7CD9-42F5-94CA-7181135DE703}.Release|Any CPU.ActiveCfg = Release|Any CPU
		{532E1B08-7CD9-42F5-94CA-7181135DE703}.Release|Any CPU.Build.0 = Release|Any CPU
	EndGlobalSection
EndGlobal
